
Microsoft Visual Studio Solution File, Format Version 12.00
# Visual Studio Version 17
VisualStudioVersion = 17.4.33110.190
MinimumVisualStudioVersion = 10.0.40219.1
Project("{FAE04EC0-301F-11D3-BF4B-00C04F79EFBC}") = "Reader", "Reader\Reader.csproj", "{92DC7E49-52C6-4066-BBDC-BB265DBAF599}"
EndProject
Project("{FAE04EC0-301F-11D3-BF4B-00C04F79EFBC}") = "Day1", "Day1\Day1.csproj", "{73C4DC87-D82F-44C3-B73C-67D77807CE77}"
EndProject
Project("{FAE04EC0-301F-11D3-BF4B-00C04F79EFBC}") = "Day2", "Day2\Day2.csproj", "{D30FEED3-3C4B-4BF0-A3E3-C3CFBE4B5B07}"
EndProject
Project("{FAE04EC0-301F-11D3-BF4B-00C04F79EFBC}") = "Day3", "Day3\Day3.csproj", "{24A91778-BC94-43C7-890A-CAEE9851359C}"
EndProject
Project("{FAE04EC0-301F-11D3-BF4B-00C04F79EFBC}") = "Day4", "Day4\Day4.csproj", "{2FFF86B6-EDB1-498B-BBE3-9A7658B6831E}"
EndProject
Project("{FAE04EC0-301F-11D3-BF4B-00C04F79EFBC}") = "Day5", "Day5\Day5.csproj", "{856F5C1B-EE0F-453D-81E0-4DE749854EFE}"
EndProject
Project("{FAE04EC0-301F-11D3-BF4B-00C04F79EFBC}") = "Day6", "Day6\Day6.csproj", "{5F4FC7CA-754B-42B4-82E0-4BF91C203F3D}"
EndProject
Project("{FAE04EC0-301F-11D3-BF4B-00C04F79EFBC}") = "Day7", "Day7\Day7.csproj", "{6ADC5752-6DF5-4A6E-AFA8-9898101AA05F}"
EndProject
Global
	GlobalSection(SolutionConfigurationPlatforms) = preSolution
		Debug|Any CPU = Debug|Any CPU
		Release|Any CPU = Release|Any CPU
	EndGlobalSection
	GlobalSection(ProjectConfigurationPlatforms) = postSolution
		{92DC7E49-52C6-4066-BBDC-BB265DBAF599}.Debug|Any CPU.ActiveCfg = Debug|Any CPU
		{92DC7E49-52C6-4066-BBDC-BB265DBAF599}.Debug|Any CPU.Build.0 = Debug|Any CPU
		{92DC7E49-52C6-4066-BBDC-BB265DBAF599}.Release|Any CPU.ActiveCfg = Release|Any CPU
		{92DC7E49-52C6-4066-BBDC-BB265DBAF599}.Release|Any CPU.Build.0 = Release|Any CPU
		{73C4DC87-D82F-44C3-B73C-67D77807CE77}.Debug|Any CPU.ActiveCfg = Debug|Any CPU
		{73C4DC87-D82F-44C3-B73C-67D77807CE77}.Debug|Any CPU.Build.0 = Debug|Any CPU
		{73C4DC87-D82F-44C3-B73C-67D77807CE77}.Release|Any CPU.ActiveCfg = Release|Any CPU
		{73C4DC87-D82F-44C3-B73C-67D77807CE77}.Release|Any CPU.Build.0 = Release|Any CPU
		{D30FEED3-3C4B-4BF0-A3E3-C3CFBE4B5B07}.Debug|Any CPU.ActiveCfg = Debug|Any CPU
		{D30FEED3-3C4B-4BF0-A3E3-C3CFBE4B5B07}.Debug|Any CPU.Build.0 = Debug|Any CPU
		{D30FEED3-3C4B-4BF0-A3E3-C3CFBE4B5B07}.Release|Any CPU.ActiveCfg = Release|Any CPU
		{D30FEED3-3C4B-4BF0-A3E3-C3CFBE4B5B07}.Release|Any CPU.Build.0 = Release|Any CPU
		{24A91778-BC94-43C7-890A-CAEE9851359C}.Debug|Any CPU.ActiveCfg = Debug|Any CPU
		{24A91778-BC94-43C7-890A-CAEE9851359C}.Debug|Any CPU.Build.0 = Debug|Any CPU
		{24A91778-BC94-43C7-890A-CAEE9851359C}.Release|Any CPU.ActiveCfg = Release|Any CPU
		{24A91778-BC94-43C7-890A-CAEE9851359C}.Release|Any CPU.Build.0 = Release|Any CPU
		{2FFF86B6-EDB1-498B-BBE3-9A7658B6831E}.Debug|Any CPU.ActiveCfg = Debug|Any CPU
		{2FFF86B6-EDB1-498B-BBE3-9A7658B6831E}.Debug|Any CPU.Build.0 = Debug|Any CPU
		{2FFF86B6-EDB1-498B-BBE3-9A7658B6831E}.Release|Any CPU.ActiveCfg = Release|Any CPU
		{2FFF86B6-EDB1-498B-BBE3-9A7658B6831E}.Release|Any CPU.Build.0 = Release|Any CPU
		{856F5C1B-EE0F-453D-81E0-4DE749854EFE}.Debug|Any CPU.ActiveCfg = Debug|Any CPU
		{856F5C1B-EE0F-453D-81E0-4DE749854EFE}.Debug|Any CPU.Build.0 = Debug|Any CPU
		{856F5C1B-EE0F-453D-81E0-4DE749854EFE}.Release|Any CPU.ActiveCfg = Release|Any CPU
		{856F5C1B-EE0F-453D-81E0-4DE749854EFE}.Release|Any CPU.Build.0 = Release|Any CPU
		{5F4FC7CA-754B-42B4-82E0-4BF91C203F3D}.Debug|Any CPU.ActiveCfg = Debug|Any CPU
		{5F4FC7CA-754B-42B4-82E0-4BF91C203F3D}.Debug|Any CPU.Build.0 = Debug|Any CPU
		{5F4FC7CA-754B-42B4-82E0-4BF91C203F3D}.Release|Any CPU.ActiveCfg = Release|Any CPU
		{5F4FC7CA-754B-42B4-82E0-4BF91C203F3D}.Release|Any CPU.Build.0 = Release|Any CPU
		{6ADC5752-6DF5-4A6E-AFA8-9898101AA05F}.Debug|Any CPU.ActiveCfg = Debug|Any CPU
		{6ADC5752-6DF5-4A6E-AFA8-9898101AA05F}.Debug|Any CPU.Build.0 = Debug|Any CPU
		{6ADC5752-6DF5-4A6E-AFA8-9898101AA05F}.Release|Any CPU.ActiveCfg = Release|Any CPU
		{6ADC5752-6DF5-4A6E-AFA8-9898101AA05F}.Release|Any CPU.Build.0 = Release|Any CPU
	EndGlobalSection
	GlobalSection(SolutionProperties) = preSolution
		HideSolutionNode = FALSE
	EndGlobalSection
	GlobalSection(ExtensibilityGlobals) = postSolution
		SolutionGuid = {620FFE19-2EAD-4634-8E54-058DB118B8F0}
	EndGlobalSection
EndGlobal
